{
  "name": "footgun-diff",
  "version": "1.0.0",
  "lockfileVersion": 3,
  "requires": true,
  "packages": {
    "": {
      "name": "footgun-diff",
      "version": "1.0.0",
      "license": "ISC",
      "dependencies": {
        "dreamopt": "^0.8.0"
      }
    },
    "node_modules/dreamopt": {
      "version": "0.8.0",
      "resolved": "https://registry.npmjs.org/dreamopt/-/dreamopt-0.8.0.tgz",
      "integrity": "sha512-vyJTp8+mC+G+5dfgsY+r3ckxlz+QMX40VjPQsZc5gxVAxLmi64TBoVkP54A/pRAXMXsbu2GMMBrZPxNv23waMg==",
      "dependencies": {
        "wordwrap": ">=0.0.2"
      },
      "engines": {
        "node": ">=0.4.0"
      }
    },
    "node_modules/wordwrap": {
      "version": "1.0.0",
      "resolved": "https://registry.npmjs.org/wordwrap/-/wordwrap-1.0.0.tgz",
      "integrity": "sha512-gvVzJFlPycKc5dZN4yPkP8w7Dc37BtP1yczEneOb4uq34pXZcvrtRTmWV8W+Ume+XCxKgbjM+nevkyFPMybd4Q=="
    }
  }
}
